// !$*UTF8*$!
{
	archiveVersion = 1;
	classes = {
	};
	objectVersion = 56;
	objects = {

/* Begin PBXBuildFile section */
		4E0BCCB22C56447900EAEBF9 /* NetworkManager.swift in Sources */ = {isa = PBXBuildFile; fileRef = 4E0BCCB12C56447900EAEBF9 /* NetworkManager.swift */; };
		4E0BCCB42C56458F00EAEBF9 /* Model.swift in Sources */ = {isa = PBXBuildFile; fileRef = 4E0BCCB32C56458F00EAEBF9 /* Model.swift */; };
		4E0BCCB72C56466F00EAEBF9 /* Alamofire in Frameworks */ = {isa = PBXBuildFile; productRef = 4E0BCCB62C56466F00EAEBF9 /* Alamofire */; };
		4E34EBE82C5527BE00B9189F /* SUIApiTestApp.swift in Sources */ = {isa = PBXBuildFile; fileRef = 4E34EBE72C5527BE00B9189F /* SUIApiTestApp.swift */; };
		4E34EBEA2C5527BE00B9189F /* ContentView.swift in Sources */ = {isa = PBXBuildFile; fileRef = 4E34EBE92C5527BE00B9189F /* ContentView.swift */; };
		4E34EBEC2C5527BF00B9189F /* Assets.xcassets in Resources */ = {isa = PBXBuildFile; fileRef = 4E34EBEB2C5527BF00B9189F /* Assets.xcassets */; };
		4E34EBEF2C5527BF00B9189F /* Preview Assets.xcassets in Resources */ = {isa = PBXBuildFile; fileRef = 4E34EBEE2C5527BF00B9189F /* Preview Assets.xcassets */; };
		4E34EBF62C5529CC00B9189F /* InterfaceView.swift in Sources */ = {isa = PBXBuildFile; fileRef = 4E34EBF52C5529CC00B9189F /* InterfaceView.swift */; };
		4E34EBF82C552FFE00B9189F /* CellView.swift in Sources */ = {isa = PBXBuildFile; fileRef = 4E34EBF72C552FFE00B9189F /* CellView.swift */; };
/* End PBXBuildFile section */

/* Begin PBXFileReference section */
		4E0BCCB12C56447900EAEBF9 /* NetworkManager.swift */ = {isa = PBXFileReference; lastKnownFileType = sourcecode.swift; path = NetworkManager.swift; sourceTree = "<group>"; };
		4E0BCCB32C56458F00EAEBF9 /* Model.swift */ = {isa = PBXFileReference; lastKnownFileType = sourcecode.swift; path = Model.swift; sourceTree = "<group>"; };
		4E34EBE42C5527BE00B9189F /* SUIApiTest.app */ = {isa = PBXFileReference; explicitFileType = wrapper.application; includeInIndex = 0; path = SUIApiTest.app; sourceTree = BUILT_PRODUCTS_DIR; };
		4E34EBE72C5527BE00B9189F /* SUIApiTestApp.swift */ = {isa = PBXFileReference; lastKnownFileType = sourcecode.swift; path = SUIApiTestApp.swift; sourceTree = "<group>"; };
		4E34EBE92C5527BE00B9189F /* ContentView.swift */ = {isa = PBXFileReference; lastKnownFileType = sourcecode.swift; path = ContentView.swift; sourceTree = "<group>"; };
		4E34EBEB2C5527BF00B9189F /* Assets.xcassets */ = {isa = PBXFileReference; lastKnownFileType = folder.assetcatalog; path = Assets.xcassets; sourceTree = "<group>"; };
		4E34EBEE2C5527BF00B9189F /* Preview Assets.xcassets */ = {isa = PBXFileReference; lastKnownFileType = folder.assetcatalog; path = "Preview Assets.xcassets"; sourceTree = "<group>"; };
		4E34EBF52C5529CC00B9189F /* InterfaceView.swift */ = {isa = PBXFileReference; lastKnownFileType = sourcecode.swift; path = InterfaceView.swift; sourceTree = "<group>"; };
		4E34EBF72C552FFE00B9189F /* CellView.swift */ = {isa = PBXFileReference; lastKnownFileType = sourcecode.swift; path = CellView.swift; sourceTree = "<group>"; };
/* End PBXFileReference section */

/* Begin PBXFrameworksBuildPhase section */
		4E34EBE12C5527BE00B9189F /* Frameworks */ = {
			isa = PBXFrameworksBuildPhase;
			buildActionMask = 2147483647;
			files = (
				4E0BCCB72C56466F00EAEBF9 /* Alamofire in Frameworks */,
			);
			runOnlyForDeploymentPostprocessing = 0;
		};
/* End PBXFrameworksBuildPhase section */

/* Begin PBXGroup section */
		4E34EBDB2C5527BE00B9189F = {
			isa = PBXGroup;
			children = (
				4E34EBE62C5527BE00B9189F /* SUIApiTest */,
				4E34EBE52C5527BE00B9189F /* Products */,
			);
			sourceTree = "<group>";
		};
		4E34EBE52C5527BE00B9189F /* Products */ = {
			isa = PBXGroup;
			children = (
				4E34EBE42C5527BE00B9189F /* SUIApiTest.app */,
			);
			name = Products;
			sourceTree = "<group>";
		};
		4E34EBE62C5527BE00B9189F /* SUIApiTest */ = {
			isa = PBXGroup;
			children = (
				4E34EBE72C5527BE00B9189F /* SUIApiTestApp.swift */,
				4E34EBE92C5527BE00B9189F /* ContentView.swift */,
				4E0BCCB12C56447900EAEBF9 /* NetworkManager.swift */,
				4E0BCCB32C56458F00EAEBF9 /* Model.swift */,
				4E34EBF92C55312500B9189F /* View */,
				4E34EBEB2C5527BF00B9189F /* Assets.xcassets */,
				4E34EBED2C5527BF00B9189F /* Preview Content */,
			);
			path = SUIApiTest;
			sourceTree = "<group>";
		};
		4E34EBED2C5527BF00B9189F /* Preview Content */ = {
			isa = PBXGroup;
			children = (
				4E34EBEE2C5527BF00B9189F /* Preview Assets.xcassets */,
			);
			path = "Preview Content";
			sourceTree = "<group>";
		};
		4E34EBF92C55312500B9189F /* View */ = {
			isa = PBXGroup;
			children = (
				4E34EBFA2C55315100B9189F /* Interface */,
			);
			path = View;
			sourceTree = "<group>";
		};
		4E34EBFA2C55315100B9189F /* Interface */ = {
			isa = PBXGroup;
			children = (
				4E34EBF52C5529CC00B9189F /* InterfaceView.swift */,
				4E34EBF72C552FFE00B9189F /* CellView.swift */,
			);
			path = Interface;
			sourceTree = "<group>";
		};
/* End PBXGroup section */

/* Begin PBXNativeTarget section */
		4E34EBE32C5527BE00B9189F /* SUIApiTest */ = {
			isa = PBXNativeTarget;
			buildConfigurationList = 4E34EBF22C5527BF00B9189F /* Build configuration list for PBXNativeTarget "SUIApiTest" */;
			buildPhases = (
				4E34EBE02C5527BE00B9189F /* Sources */,
				4E34EBE12C5527BE00B9189F /* Frameworks */,
				4E34EBE22C5527BE00B9189F /* Resources */,
			);
			buildRules = (
			);
			dependencies = (
			);
			name = SUIApiTest;
			packageProductDependencies = (
				4E0BCCB62C56466F00EAEBF9 /* Alamofire */,
			);
			productName = SUIApiTest;
			productReference = 4E34EBE42C5527BE00B9189F /* SUIApiTest.app */;
			productType = "com.apple.product-type.application";
		};
/* End PBXNativeTarget section */

/* Begin PBXProject section */
		4E34EBDC2C5527BE00B9189F /* Project object */ = {
			isa = PBXProject;
			attributes = {
				BuildIndependentTargetsInParallel = 1;
				LastSwiftUpdateCheck = 1510;
				LastUpgradeCheck = 1510;
				TargetAttributes = {
					4E34EBE32C5527BE00B9189F = {
						CreatedOnToolsVersion = 15.1;
					};
				};
			};
			buildConfigurationList = 4E34EBDF2C5527BE00B9189F /* Build configuration list for PBXProject "SUIApiTest" */;
			compatibilityVersion = "Xcode 14.0";
			developmentRegion = en;
			hasScannedForEncodings = 0;
			knownRegions = (
				en,
				Base,
			);
			mainGroup = 4E34EBDB2C5527BE00B9189F;
			packageReferences = (
				4E0BCCB52C56466F00EAEBF9 /* XCRemoteSwiftPackageReference "Alamofire" */,
			);
			productRefGroup = 4E34EBE52C5527BE00B9189F /* Products */;
			projectDirPath = "";
			projectRoot = "";
			targets = (
				4E34EBE32C5527BE00B9189F /* SUIApiTest */,
			);
		};
/* End PBXProject section */

/* Begin PBXResourcesBuildPhase section */
		4E34EBE22C5527BE00B9189F /* Resources */ = {
			isa = PBXResourcesBuildPhase;
			buildActionMask = 2147483647;
			files = (
				4E34EBEF2C5527BF00B9189F /* Preview Assets.xcassets in Resources */,
				4E34EBEC2C5527BF00B9189F /* Assets.xcassets in Resources */,
			);
			runOnlyForDeploymentPostprocessing = 0;
		};
/* End PBXResourcesBuildPhase section */

/* Begin PBXSourcesBuildPhase section */
		4E34EBE02C5527BE00B9189F /* Sources */ = {
			isa = PBXSourcesBuildPhase;
			buildActionMask = 2147483647;
			files = (
				4E34EBF82C552FFE00B9189F /* CellView.swift in Sources */,
				4E34EBF62C5529CC00B9189F /* InterfaceView.swift in Sources */,
				4E0BCCB22C56447900EAEBF9 /* NetworkManager.swift in Sources */,
				4E0BCCB42C56458F00EAEBF9 /* Model.swift in Sources */,
				4E34EBEA2C5527BE00B9189F /* ContentView.swift in Sources */,
				4E34EBE82C5527BE00B9189F /* SUIApiTestApp.swift in Sources */,
			);
			runOnlyForDeploymentPostprocessing = 0;
		};
/* End PBXSourcesBuildPhase section */

/* Begin XCBuildConfiguration section */
		4E34EBF02C5527BF00B9189F /* Debug */ = {
			isa = XCBuildConfiguration;
			buildSettings = {
				ALWAYS_SEARCH_USER_PATHS = NO;
				ASSETCATALOG_COMPILER_GENERATE_SWIFT_ASSET_SYMBOL_EXTENSIONS = YES;
				CLANG_ANALYZER_NONNULL = YES;
				CLANG_ANALYZER_NUMBER_OBJECT_CONVERSION = YES_AGGRESSIVE;
				CLANG_CXX_LANGUAGE_STANDARD = "gnu++20";
				CLANG_ENABLE_MODULES = YES;
				CLANG_ENABLE_OBJC_ARC = YES;
				CLANG_ENABLE_OBJC_WEAK = YES;
				CLANG_WARN_BLOCK_CAPTURE_AUTORELEASING = YES;
				CLANG_WARN_BOOL_CONVERSION = YES;
				CLANG_WARN_COMMA = YES;
				CLANG_WARN_CONSTANT_CONVERSION = YES;
				CLANG_WARN_DEPRECATED_OBJC_IMPLEMENTATIONS = YES;
				CLANG_WARN_DIRECT_OBJC_ISA_USAGE = YES_ERROR;
				CLANG_WARN_DOCUMENTATION_COMMENTS = YES;
				CLANG_WARN_EMPTY_BODY = YES;
				CLANG_WARN_ENUM_CONVERSION = YES;
				CLANG_WARN_INFINITE_RECURSION = YES;
				CLANG_WARN_INT_CONVERSION = YES;
				CLANG_WARN_NON_LITERAL_NULL_CONVERSION = YES;
				CLANG_WARN_OBJC_IMPLICIT_RETAIN_SELF = YES;
				CLANG_WARN_OBJC_LITERAL_CONVERSION = YES;
				CLANG_WARN_OBJC_ROOT_CLASS = YES_ERROR;
				CLANG_WARN_QUOTED_INCLUDE_IN_FRAMEWORK_HEADER = YES;
				CLANG_WARN_RANGE_LOOP_ANALYSIS = YES;
				CLANG_WARN_STRICT_PROTOTYPES = YES;
				CLANG_WARN_SUSPICIOUS_MOVE = YES;
				CLANG_WARN_UNGUARDED_AVAILABILITY = YES_AGGRESSIVE;
				CLANG_WARN_UNREACHABLE_CODE = YES;
				CLANG_WARN__DUPLICATE_METHOD_MATCH = YES;
				COPY_PHASE_STRIP = NO;
				DEBUG_INFORMATION_FORMAT = dwarf;
				ENABLE_STRICT_OBJC_MSGSEND = YES;
				ENABLE_TESTABILITY = YES;
				ENABLE_USER_SCRIPT_SANDBOXING = YES;
				GCC_C_LANGUAGE_STANDARD = gnu17;
				GCC_DYNAMIC_NO_PIC = NO;
				GCC_NO_COMMON_BLOCKS = YES;
				GCC_OPTIMIZATION_LEVEL = 0;
				GCC_PREPROCESSOR_DEFINITIONS = (
					"DEBUG=1",
					"$(inherited)",
				);
				GCC_WARN_64_TO_32_BIT_CONVERSION = YES;
				GCC_WARN_ABOUT_RETURN_TYPE = YES_ERROR;
				GCC_WARN_UNDECLARED_SELECTOR = YES;
				GCC_WARN_UNINITIALIZED_AUTOS = YES_AGGRESSIVE;
				GCC_WARN_UNUSED_FUNCTION = YES;
				GCC_WARN_UNUSED_VARIABLE = YES;
				IPHONEOS_DEPLOYMENT_TARGET = 17.2;
				LOCALIZATION_PREFERS_STRING_CATALOGS = YES;
				MTL_ENABLE_DEBUG_INFO = INCLUDE_SOURCE;
				MTL_FAST_MATH = YES;
				ONLY_ACTIVE_ARCH = YES;
				SDKROOT = iphoneos;
				SWIFT_ACTIVE_COMPILATION_CONDITIONS = "DEBUG $(inherited)";
				SWIFT_OPTIMIZATION_LEVEL = "-Onone";
			};
			name = Debug;
		};
		4E34EBF12C5527BF00B9189F /* Release */ = {
			isa = XCBuildConfiguration;
			buildSettings = {
				ALWAYS_SEARCH_USER_PATHS = NO;
				ASSETCATALOG_COMPILER_GENERATE_SWIFT_ASSET_SYMBOL_EXTENSIONS = YES;
				CLANG_ANALYZER_NONNULL = YES;
				CLANG_ANALYZER_NUMBER_OBJECT_CONVERSION = YES_AGGRESSIVE;
				CLANG_CXX_LANGUAGE_STANDARD = "gnu++20";
				CLANG_ENABLE_MODULES = YES;
				CLANG_ENABLE_OBJC_ARC = YES;
				CLANG_ENABLE_OBJC_WEAK = YES;
				CLANG_WARN_BLOCK_CAPTURE_AUTORELEASING = YES;
				CLANG_WARN_BOOL_CONVERSION = YES;
				CLANG_WARN_COMMA = YES;
				CLANG_WARN_CONSTANT_CONVERSION = YES;
				CLANG_WARN_DEPRECATED_OBJC_IMPLEMENTATIONS = YES;
				CLANG_WARN_DIRECT_OBJC_ISA_USAGE = YES_ERROR;
				CLANG_WARN_DOCUMENTATION_COMMENTS = YES;
				CLANG_WARN_EMPTY_BODY = YES;
				CLANG_WARN_ENUM_CONVERSION = YES;
				CLANG_WARN_INFINITE_RECURSION = YES;
				CLANG_WARN_INT_CONVERSION = YES;
				CLANG_WARN_NON_LITERAL_NULL_CONVERSION = YES;
				CLANG_WARN_OBJC_IMPLICIT_RETAIN_SELF = YES;
				CLANG_WARN_OBJC_LITERAL_CONVERSION = YES;
				CLANG_WARN_OBJC_ROOT_CLASS = YES_ERROR;
				CLANG_WARN_QUOTED_INCLUDE_IN_FRAMEWORK_HEADER = YES;
				CLANG_WARN_RANGE_LOOP_ANALYSIS = YES;
				CLANG_WARN_STRICT_PROTOTYPES = YES;
				CLANG_WARN_SUSPICIOUS_MOVE = YES;
				CLANG_WARN_UNGUARDED_AVAILABILITY = YES_AGGRESSIVE;
				CLANG_WARN_UNREACHABLE_CODE = YES;
				CLANG_WARN__DUPLICATE_METHOD_MATCH = YES;
				COPY_PHASE_STRIP = NO;
				DEBUG_INFORMATION_FORMAT = "dwarf-with-dsym";
				ENABLE_NS_ASSERTIONS = NO;
				ENABLE_STRICT_OBJC_MSGSEND = YES;
				ENABLE_USER_SCRIPT_SANDBOXING = YES;
				GCC_C_LANGUAGE_STANDARD = gnu17;
				GCC_NO_COMMON_BLOCKS = YES;
				GCC_WARN_64_TO_32_BIT_CONVERSION = YES;
				GCC_WARN_ABOUT_RETURN_TYPE = YES_ERROR;
				GCC_WARN_UNDECLARED_SELECTOR = YES;
				GCC_WARN_UNINITIALIZED_AUTOS = YES_AGGRESSIVE;
				GCC_WARN_UNUSED_FUNCTION = YES;
				GCC_WARN_UNUSED_VARIABLE = YES;
				IPHONEOS_DEPLOYMENT_TARGET = 17.2;
				LOCALIZATION_PREFERS_STRING_CATALOGS = YES;
				MTL_ENABLE_DEBUG_INFO = NO;
				MTL_FAST_MATH = YES;
				SDKROOT = iphoneos;
				SWIFT_COMPILATION_MODE = wholemodule;
				VALIDATE_PRODUCT = YES;
			};
			name = Release;
		};
		4E34EBF32C5527BF00B9189F /* Debug */ = {
			isa = XCBuildConfiguration;
			buildSettings = {
				ASSETCATALOG_COMPILER_APPICON_NAME = AppIcon;
				ASSETCATALOG_COMPILER_GLOBAL_ACCENT_COLOR_NAME = AccentColor;
				CODE_SIGN_STYLE = Automatic;
				CURRENT_PROJECT_VERSION = 1;
				DEVELOPMENT_ASSET_PATHS = "\"SUIApiTest/Preview Content\"";
				DEVELOPMENT_TEAM = XKP4SYB286;
				ENABLE_PREVIEWS = YES;
				GENERATE_INFOPLIST_FILE = YES;
				INFOPLIST_KEY_UIApplicationSceneManifest_Generation = YES;
				INFOPLIST_KEY_UIApplicationSupportsIndirectInputEvents = YES;
				INFOPLIST_KEY_UILaunchScreen_Generation = YES;
				INFOPLIST_KEY_UISupportedInterfaceOrientations_iPad = "UIInterfaceOrientationPortrait UIInterfaceOrientationPortraitUpsideDown UIInterfaceOrientationLandscapeLeft UIInterfaceOrientationLandscapeRight";
				INFOPLIST_KEY_UISupportedInterfaceOrientations_iPhone = "UIInterfaceOrientationPortrait UIInterfaceOrientationLandscapeLeft UIInterfaceOrientationLandscapeRight";
				LD_RUNPATH_SEARCH_PATHS = (
					"$(inherited)",
					"@executable_path/Frameworks",
				);
				MARKETING_VERSION = 1.0;
				PRODUCT_BUNDLE_IDENTIFIER = com.RG.SUIApiTest;
				PRODUCT_NAME = "$(TARGET_NAME)";
				SWIFT_EMIT_LOC_STRINGS = YES;
				SWIFT_VERSION = 5.0;
				TARGETED_DEVICE_FAMILY = "1,2";
			};
			name = Debug;
		};
		4E34EBF42C5527BF00B9189F /* Release */ = {
			isa = XCBuildConfiguration;
			buildSettings = {
				ASSETCATALOG_COMPILER_APPICON_NAME = AppIcon;
				ASSETCATALOG_COMPILER_GLOBAL_ACCENT_COLOR_NAME = AccentColor;
				CODE_SIGN_STYLE = Automatic;
				CURRENT_PROJECT_VERSION = 1;
				DEVELOPMENT_ASSET_PATHS = "\"SUIApiTest/Preview Content\"";
				DEVELOPMENT_TEAM = XKP4SYB286;
				ENABLE_PREVIEWS = YES;
				GENERATE_INFOPLIST_FILE = YES;
				INFOPLIST_KEY_UIApplicationSceneManifest_Generation = YES;
				INFOPLIST_KEY_UIApplicationSupportsIndirectInputEvents = YES;
				INFOPLIST_KEY_UILaunchScreen_Generation = YES;
				INFOPLIST_KEY_UISupportedInterfaceOrientations_iPad = "UIInterfaceOrientationPortrait UIInterfaceOrientationPortraitUpsideDown UIInterfaceOrientationLandscapeLeft UIInterfaceOrientationLandscapeRight";
				INFOPLIST_KEY_UISupportedInterfaceOrientations_iPhone = "UIInterfaceOrientationPortrait UIInterfaceOrientationLandscapeLeft UIInterfaceOrientationLandscapeRight";
				LD_RUNPATH_SEARCH_PATHS = (
					"$(inherited)",
					"@executable_path/Frameworks",
				);
				MARKETING_VERSION = 1.0;
				PRODUCT_BUNDLE_IDENTIFIER = com.RG.SUIApiTest;
				PRODUCT_NAME = "$(TARGET_NAME)";
				SWIFT_EMIT_LOC_STRINGS = YES;
				SWIFT_VERSION = 5.0;
				TARGETED_DEVICE_FAMILY = "1,2";
			};
			name = Release;
		};
/* End XCBuildConfiguration section */

/* Begin XCConfigurationList section */
		4E34EBDF2C5527BE00B9189F /* Build configuration list for PBXProject "SUIApiTest" */ = {
			isa = XCConfigurationList;
			buildConfigurations = (
				4E34EBF02C5527BF00B9189F /* Debug */,
				4E34EBF12C5527BF00B9189F /* Release */,
			);
			defaultConfigurationIsVisible = 0;
			defaultConfigurationName = Release;
		};
		4E34EBF22C5527BF00B9189F /* Build configuration list for PBXNativeTarget "SUIApiTest" */ = {
			isa = XCConfigurationList;
			buildConfigurations = (
				4E34EBF32C5527BF00B9189F /* Debug */,
				4E34EBF42C5527BF00B9189F /* Release */,
			);
			defaultConfigurationIsVisible = 0;
			defaultConfigurationName = Release;
		};
/* End XCConfigurationList section */

/* Begin XCRemoteSwiftPackageReference section */
		4E0BCCB52C56466F00EAEBF9 /* XCRemoteSwiftPackageReference "Alamofire" */ = {
			isa = XCRemoteSwiftPackageReference;
			repositoryURL = "https://github.com/Alamofire/Alamofire";
			requirement = {
				kind = upToNextMajorVersion;
				minimumVersion = 5.9.1;
			};
		};
/* End XCRemoteSwiftPackageReference section */

/* Begin XCSwiftPackageProductDependency section */
		4E0BCCB62C56466F00EAEBF9 /* Alamofire */ = {
			isa = XCSwiftPackageProductDependency;
			package = 4E0BCCB52C56466F00EAEBF9 /* XCRemoteSwiftPackageReference "Alamofire" */;
			productName = Alamofire;
		};
/* End XCSwiftPackageProductDependency section */
	};
	rootObject = 4E34EBDC2C5527BE00B9189F /* Project object */;
}
